// !$*UTF8*$!
{
	archiveVersion = 1;
	classes = {
	};
	objectVersion = 56;
	objects = {

/* Begin PBXBuildFile section */
		0B074E2A2AC522D600E6E1CF /* todo_iosApp.swift in Sources */ = {isa = PBXBuildFile; fileRef = 0B074E292AC522D600E6E1CF /* todo_iosApp.swift */; };
		0B074E2C2AC522D600E6E1CF /* ContentView.swift in Sources */ = {isa = PBXBuildFile; fileRef = 0B074E2B2AC522D600E6E1CF /* ContentView.swift */; };
		0B074E2E2AC522D700E6E1CF /* Assets.xcassets in Resources */ = {isa = PBXBuildFile; fileRef = 0B074E2D2AC522D700E6E1CF /* Assets.xcassets */; };
		0B074E312AC522D700E6E1CF /* Preview Assets.xcassets in Resources */ = {isa = PBXBuildFile; fileRef = 0B074E302AC522D700E6E1CF /* Preview Assets.xcassets */; };
		0B074E3B2AC522D700E6E1CF /* todo_iosTests.swift in Sources */ = {isa = PBXBuildFile; fileRef = 0B074E3A2AC522D700E6E1CF /* todo_iosTests.swift */; };
		0B074E452AC522D700E6E1CF /* todo_iosUITests.swift in Sources */ = {isa = PBXBuildFile; fileRef = 0B074E442AC522D700E6E1CF /* todo_iosUITests.swift */; };
		0B074E472AC522D700E6E1CF /* todo_iosUITestsLaunchTests.swift in Sources */ = {isa = PBXBuildFile; fileRef = 0B074E462AC522D700E6E1CF /* todo_iosUITestsLaunchTests.swift */; };
/* End PBXBuildFile section */

/* Begin PBXContainerItemProxy section */
		0B074E372AC522D700E6E1CF /* PBXContainerItemProxy */ = {
			isa = PBXContainerItemProxy;
			containerPortal = 0B074E1E2AC522D600E6E1CF /* Project object */;
			proxyType = 1;
			remoteGlobalIDString = 0B074E252AC522D600E6E1CF;
			remoteInfo = "todo-ios";
		};
		0B074E412AC522D700E6E1CF /* PBXContainerItemProxy */ = {
			isa = PBXContainerItemProxy;
			containerPortal = 0B074E1E2AC522D600E6E1CF /* Project object */;
			proxyType = 1;
			remoteGlobalIDString = 0B074E252AC522D600E6E1CF;
			remoteInfo = "todo-ios";
		};
/* End PBXContainerItemProxy section */

/* Begin PBXFileReference section */
		0B074E262AC522D600E6E1CF /* todo-ios.app */ = {isa = PBXFileReference; explicitFileType = wrapper.application; includeInIndex = 0; path = "todo-ios.app"; sourceTree = BUILT_PRODUCTS_DIR; };
		0B074E292AC522D600E6E1CF /* todo_iosApp.swift */ = {isa = PBXFileReference; lastKnownFileType = sourcecode.swift; path = todo_iosApp.swift; sourceTree = "<group>"; };
		0B074E2B2AC522D600E6E1CF /* ContentView.swift */ = {isa = PBXFileReference; lastKnownFileType = sourcecode.swift; path = ContentView.swift; sourceTree = "<group>"; };
		0B074E2D2AC522D700E6E1CF /* Assets.xcassets */ = {isa = PBXFileReference; lastKnownFileType = folder.assetcatalog; path = Assets.xcassets; sourceTree = "<group>"; };
		0B074E302AC522D700E6E1CF /* Preview Assets.xcassets */ = {isa = PBXFileReference; lastKnownFileType = folder.assetcatalog; path = "Preview Assets.xcassets"; sourceTree = "<group>"; };
		0B074E362AC522D700E6E1CF /* todo-iosTests.xctest */ = {isa = PBXFileReference; explicitFileType = wrapper.cfbundle; includeInIndex = 0; path = "todo-iosTests.xctest"; sourceTree = BUILT_PRODUCTS_DIR; };
		0B074E3A2AC522D700E6E1CF /* todo_iosTests.swift */ = {isa = PBXFileReference; lastKnownFileType = sourcecode.swift; path = todo_iosTests.swift; sourceTree = "<group>"; };
		0B074E402AC522D700E6E1CF /* todo-iosUITests.xctest */ = {isa = PBXFileReference; explicitFileType = wrapper.cfbundle; includeInIndex = 0; path = "todo-iosUITests.xctest"; sourceTree = BUILT_PRODUCTS_DIR; };
		0B074E442AC522D700E6E1CF /* todo_iosUITests.swift */ = {isa = PBXFileReference; lastKnownFileType = sourcecode.swift; path = todo_iosUITests.swift; sourceTree = "<group>"; };
		0B074E462AC522D700E6E1CF /* todo_iosUITestsLaunchTests.swift */ = {isa = PBXFileReference; lastKnownFileType = sourcecode.swift; path = todo_iosUITestsLaunchTests.swift; sourceTree = "<group>"; };
/* End PBXFileReference section */

/* Begin PBXFrameworksBuildPhase section */
		0B074E232AC522D600E6E1CF /* Frameworks */ = {
			isa = PBXFrameworksBuildPhase;
			buildActionMask = 2147483647;
			files = (
			);
			runOnlyForDeploymentPostprocessing = 0;
		};
		0B074E332AC522D700E6E1CF /* Frameworks */ = {
			isa = PBXFrameworksBuildPhase;
			buildActionMask = 2147483647;
			files = (
			);
			runOnlyForDeploymentPostprocessing = 0;
		};
		0B074E3D2AC522D700E6E1CF /* Frameworks */ = {
			isa = PBXFrameworksBuildPhase;
			buildActionMask = 2147483647;
			files = (
			);
			runOnlyForDeploymentPostprocessing = 0;
		};
/* End PBXFrameworksBuildPhase section */

/* Begin PBXGroup section */
		0B074E1D2AC522D600E6E1CF = {
			isa = PBXGroup;
			children = (
				0B074E282AC522D600E6E1CF /* todo-ios */,
				0B074E392AC522D700E6E1CF /* todo-iosTests */,
				0B074E432AC522D700E6E1CF /* todo-iosUITests */,
				0B074E272AC522D600E6E1CF /* Products */,
			);
			sourceTree = "<group>";
		};
		0B074E272AC522D600E6E1CF /* Products */ = {
			isa = PBXGroup;
			children = (
				0B074E262AC522D600E6E1CF /* todo-ios.app */,
				0B074E362AC522D700E6E1CF /* todo-iosTests.xctest */,
				0B074E402AC522D700E6E1CF /* todo-iosUITests.xctest */,
			);
			name = Products;
			sourceTree = "<group>";
		};
		0B074E282AC522D600E6E1CF /* todo-ios */ = {
			isa = PBXGroup;
			children = (
				0B074E292AC522D600E6E1CF /* todo_iosApp.swift */,
				0B074E2B2AC522D600E6E1CF /* ContentView.swift */,
				0B074E2D2AC522D700E6E1CF /* Assets.xcassets */,
				0B074E2F2AC522D700E6E1CF /* Preview Content */,
			);
			path = "todo-ios";
			sourceTree = "<group>";
		};
		0B074E2F2AC522D700E6E1CF /* Preview Content */ = {
			isa = PBXGroup;
			children = (
				0B074E302AC522D700E6E1CF /* Preview Assets.xcassets */,
			);
			path = "Preview Content";
			sourceTree = "<group>";
		};
		0B074E392AC522D700E6E1CF /* todo-iosTests */ = {
			isa = PBXGroup;
			children = (
				0B074E3A2AC522D700E6E1CF /* todo_iosTests.swift */,
			);
			path = "todo-iosTests";
			sourceTree = "<group>";
		};
		0B074E432AC522D700E6E1CF /* todo-iosUITests */ = {
			isa = PBXGroup;
			children = (
				0B074E442AC522D700E6E1CF /* todo_iosUITests.swift */,
				0B074E462AC522D700E6E1CF /* todo_iosUITestsLaunchTests.swift */,
			);
			path = "todo-iosUITests";
			sourceTree = "<group>";
		};
/* End PBXGroup section */

/* Begin PBXNativeTarget section */
		0B074E252AC522D600E6E1CF /* todo-ios */ = {
			isa = PBXNativeTarget;
			buildConfigurationList = 0B074E4A2AC522D700E6E1CF /* Build configuration list for PBXNativeTarget "todo-ios" */;
			buildPhases = (
				0B074E222AC522D600E6E1CF /* Sources */,
				0B074E232AC522D600E6E1CF /* Frameworks */,
				0B074E242AC522D600E6E1CF /* Resources */,
			);
			buildRules = (
			);
			dependencies = (
			);
			name = "todo-ios";
			productName = "todo-ios";
			productReference = 0B074E262AC522D600E6E1CF /* todo-ios.app */;
			productType = "com.apple.product-type.application";
		};
		0B074E352AC522D700E6E1CF /* todo-iosTests */ = {
			isa = PBXNativeTarget;
			buildConfigurationList = 0B074E4D2AC522D700E6E1CF /* Build configuration list for PBXNativeTarget "todo-iosTests" */;
			buildPhases = (
				0B074E322AC522D700E6E1CF /* Sources */,
				0B074E332AC522D700E6E1CF /* Frameworks */,
				0B074E342AC522D700E6E1CF /* Resources */,
			);
			buildRules = (
			);
			dependencies = (
				0B074E382AC522D700E6E1CF /* PBXTargetDependency */,
			);
			name = "todo-iosTests";
			productName = "todo-iosTests";
			productReference = 0B074E362AC522D700E6E1CF /* todo-iosTests.xctest */;
			productType = "com.apple.product-type.bundle.unit-test";
		};
		0B074E3F2AC522D700E6E1CF /* todo-iosUITests */ = {
			isa = PBXNativeTarget;
			buildConfigurationList = 0B074E502AC522D700E6E1CF /* Build configuration list for PBXNativeTarget "todo-iosUITests" */;
			buildPhases = (
				0B074E3C2AC522D700E6E1CF /* Sources */,
				0B074E3D2AC522D700E6E1CF /* Frameworks */,
				0B074E3E2AC522D700E6E1CF /* Resources */,
			);
			buildRules = (
			);
			dependencies = (
				0B074E422AC522D700E6E1CF /* PBXTargetDependency */,
			);
			name = "todo-iosUITests";
			productName = "todo-iosUITests";
			productReference = 0B074E402AC522D700E6E1CF /* todo-iosUITests.xctest */;
			productType = "com.apple.product-type.bundle.ui-testing";
		};
/* End PBXNativeTarget section */

/* Begin PBXProject section */
		0B074E1E2AC522D600E6E1CF /* Project object */ = {
			isa = PBXProject;
			attributes = {
				BuildIndependentTargetsInParallel = 1;
				LastSwiftUpdateCheck = 1500;
				LastUpgradeCheck = 1500;
				TargetAttributes = {
					0B074E252AC522D600E6E1CF = {
						CreatedOnToolsVersion = 15.0;
					};
					0B074E352AC522D700E6E1CF = {
						CreatedOnToolsVersion = 15.0;
						TestTargetID = 0B074E252AC522D600E6E1CF;
					};
					0B074E3F2AC522D700E6E1CF = {
						CreatedOnToolsVersion = 15.0;
						TestTargetID = 0B074E252AC522D600E6E1CF;
					};
				};
			};
			buildConfigurationList = 0B074E212AC522D600E6E1CF /* Build configuration list for PBXProject "todo-ios" */;
			compatibilityVersion = "Xcode 14.0";
			developmentRegion = en;
			hasScannedForEncodings = 0;
			knownRegions = (
				en,
				Base,
			);
			mainGroup = 0B074E1D2AC522D600E6E1CF;
			productRefGroup = 0B074E272AC522D600E6E1CF /* Products */;
			projectDirPath = "";
			projectRoot = "";
			targets = (
				0B074E252AC522D600E6E1CF /* todo-ios */,
				0B074E352AC522D700E6E1CF /* todo-iosTests */,
				0B074E3F2AC522D700E6E1CF /* todo-iosUITests */,
			);
		};
/* End PBXProject section */

/* Begin PBXResourcesBuildPhase section */
		0B074E242AC522D600E6E1CF /* Resources */ = {
			isa = PBXResourcesBuildPhase;
			buildActionMask = 2147483647;
			files = (
				0B074E312AC522D700E6E1CF /* Preview Assets.xcassets in Resources */,
				0B074E2E2AC522D700E6E1CF /* Assets.xcassets in Resources */,
			);
			runOnlyForDeploymentPostprocessing = 0;
		};
		0B074E342AC522D700E6E1CF /* Resources */ = {
			isa = PBXResourcesBuildPhase;
			buildActionMask = 2147483647;
			files = (
			);
			runOnlyForDeploymentPostprocessing = 0;
		};
		0B074E3E2AC522D700E6E1CF /* Resources */ = {
			isa = PBXResourcesBuildPhase;
			buildActionMask = 2147483647;
			files = (
			);
			runOnlyForDeploymentPostprocessing = 0;
		};
/* End PBXResourcesBuildPhase section */

/* Begin PBXSourcesBuildPhase section */
		0B074E222AC522D600E6E1CF /* Sources */ = {
			isa = PBXSourcesBuildPhase;
			buildActionMask = 2147483647;
			files = (
				0B074E2C2AC522D600E6E1CF /* ContentView.swift in Sources */,
				0B074E2A2AC522D600E6E1CF /* todo_iosApp.swift in Sources */,
			);
			runOnlyForDeploymentPostprocessing = 0;
		};
		0B074E322AC522D700E6E1CF /* Sources */ = {
			isa = PBXSourcesBuildPhase;
			buildActionMask = 2147483647;
			files = (
				0B074E3B2AC522D700E6E1CF /* todo_iosTests.swift in Sources */,
			);
			runOnlyForDeploymentPostprocessing = 0;
		};
		0B074E3C2AC522D700E6E1CF /* Sources */ = {
			isa = PBXSourcesBuildPhase;
			buildActionMask = 2147483647;
			files = (
				0B074E472AC522D700E6E1CF /* todo_iosUITestsLaunchTests.swift in Sources */,
				0B074E452AC522D700E6E1CF /* todo_iosUITests.swift in Sources */,
			);
			runOnlyForDeploymentPostprocessing = 0;
		};
/* End PBXSourcesBuildPhase section */

/* Begin PBXTargetDependency section */
		0B074E382AC522D700E6E1CF /* PBXTargetDependency */ = {
			isa = PBXTargetDependency;
			target = 0B074E252AC522D600E6E1CF /* todo-ios */;
			targetProxy = 0B074E372AC522D700E6E1CF /* PBXContainerItemProxy */;
		};
		0B074E422AC522D700E6E1CF /* PBXTargetDependency */ = {
			isa = PBXTargetDependency;
			target = 0B074E252AC522D600E6E1CF /* todo-ios */;
			targetProxy = 0B074E412AC522D700E6E1CF /* PBXContainerItemProxy */;
		};
/* End PBXTargetDependency section */

/* Begin XCBuildConfiguration section */
		0B074E482AC522D700E6E1CF /* Debug */ = {
			isa = XCBuildConfiguration;
			buildSettings = {
				ALWAYS_SEARCH_USER_PATHS = NO;
				ASSETCATALOG_COMPILER_GENERATE_SWIFT_ASSET_SYMBOL_EXTENSIONS = YES;
				CLANG_ANALYZER_NONNULL = YES;
				CLANG_ANALYZER_NUMBER_OBJECT_CONVERSION = YES_AGGRESSIVE;
				CLANG_CXX_LANGUAGE_STANDARD = "gnu++20";
				CLANG_ENABLE_MODULES = YES;
				CLANG_ENABLE_OBJC_ARC = YES;
				CLANG_ENABLE_OBJC_WEAK = YES;
				CLANG_WARN_BLOCK_CAPTURE_AUTORELEASING = YES;
				CLANG_WARN_BOOL_CONVERSION = YES;
				CLANG_WARN_COMMA = YES;
				CLANG_WARN_CONSTANT_CONVERSION = YES;
				CLANG_WARN_DEPRECATED_OBJC_IMPLEMENTATIONS = YES;
				CLANG_WARN_DIRECT_OBJC_ISA_USAGE = YES_ERROR;
				CLANG_WARN_DOCUMENTATION_COMMENTS = YES;
				CLANG_WARN_EMPTY_BODY = YES;
				CLANG_WARN_ENUM_CONVERSION = YES;
				CLANG_WARN_INFINITE_RECURSION = YES;
				CLANG_WARN_INT_CONVERSION = YES;
				CLANG_WARN_NON_LITERAL_NULL_CONVERSION = YES;
				CLANG_WARN_OBJC_IMPLICIT_RETAIN_SELF = YES;
				CLANG_WARN_OBJC_LITERAL_CONVERSION = YES;
				CLANG_WARN_OBJC_ROOT_CLASS = YES_ERROR;
				CLANG_WARN_QUOTED_INCLUDE_IN_FRAMEWORK_HEADER = YES;
				CLANG_WARN_RANGE_LOOP_ANALYSIS = YES;
				CLANG_WARN_STRICT_PROTOTYPES = YES;
				CLANG_WARN_SUSPICIOUS_MOVE = YES;
				CLANG_WARN_UNGUARDED_AVAILABILITY = YES_AGGRESSIVE;
				CLANG_WARN_UNREACHABLE_CODE = YES;
				CLANG_WARN__DUPLICATE_METHOD_MATCH = YES;
				COPY_PHASE_STRIP = NO;
				DEBUG_INFORMATION_FORMAT = dwarf;
				ENABLE_STRICT_OBJC_MSGSEND = YES;
				ENABLE_TESTABILITY = YES;
				ENABLE_USER_SCRIPT_SANDBOXING = YES;
				GCC_C_LANGUAGE_STANDARD = gnu17;
				GCC_DYNAMIC_NO_PIC = NO;
				GCC_NO_COMMON_BLOCKS = YES;
				GCC_OPTIMIZATION_LEVEL = 0;
				GCC_PREPROCESSOR_DEFINITIONS = (
					"DEBUG=1",
					"$(inherited)",
				);
				GCC_WARN_64_TO_32_BIT_CONVERSION = YES;
				GCC_WARN_ABOUT_RETURN_TYPE = YES_ERROR;
				GCC_WARN_UNDECLARED_SELECTOR = YES;
				GCC_WARN_UNINITIALIZED_AUTOS = YES_AGGRESSIVE;
				GCC_WARN_UNUSED_FUNCTION = YES;
				GCC_WARN_UNUSED_VARIABLE = YES;
				IPHONEOS_DEPLOYMENT_TARGET = 17.0;
				LOCALIZATION_PREFERS_STRING_CATALOGS = YES;
				MTL_ENABLE_DEBUG_INFO = INCLUDE_SOURCE;
				MTL_FAST_MATH = YES;
				ONLY_ACTIVE_ARCH = YES;
				SDKROOT = iphoneos;
				SWIFT_ACTIVE_COMPILATION_CONDITIONS = "DEBUG $(inherited)";
				SWIFT_OPTIMIZATION_LEVEL = "-Onone";
			};
			name = Debug;
		};
		0B074E492AC522D700E6E1CF /* Release */ = {
			isa = XCBuildConfiguration;
			buildSettings = {
				ALWAYS_SEARCH_USER_PATHS = NO;
				ASSETCATALOG_COMPILER_GENERATE_SWIFT_ASSET_SYMBOL_EXTENSIONS = YES;
				CLANG_ANALYZER_NONNULL = YES;
				CLANG_ANALYZER_NUMBER_OBJECT_CONVERSION = YES_AGGRESSIVE;
				CLANG_CXX_LANGUAGE_STANDARD = "gnu++20";
				CLANG_ENABLE_MODULES = YES;
				CLANG_ENABLE_OBJC_ARC = YES;
				CLANG_ENABLE_OBJC_WEAK = YES;
				CLANG_WARN_BLOCK_CAPTURE_AUTORELEASING = YES;
				CLANG_WARN_BOOL_CONVERSION = YES;
				CLANG_WARN_COMMA = YES;
				CLANG_WARN_CONSTANT_CONVERSION = YES;
				CLANG_WARN_DEPRECATED_OBJC_IMPLEMENTATIONS = YES;
				CLANG_WARN_DIRECT_OBJC_ISA_USAGE = YES_ERROR;
				CLANG_WARN_DOCUMENTATION_COMMENTS = YES;
				CLANG_WARN_EMPTY_BODY = YES;
				CLANG_WARN_ENUM_CONVERSION = YES;
				CLANG_WARN_INFINITE_RECURSION = YES;
				CLANG_WARN_INT_CONVERSION = YES;
				CLANG_WARN_NON_LITERAL_NULL_CONVERSION = YES;
				CLANG_WARN_OBJC_IMPLICIT_RETAIN_SELF = YES;
				CLANG_WARN_OBJC_LITERAL_CONVERSION = YES;
				CLANG_WARN_OBJC_ROOT_CLASS = YES_ERROR;
				CLANG_WARN_QUOTED_INCLUDE_IN_FRAMEWORK_HEADER = YES;
				CLANG_WARN_RANGE_LOOP_ANALYSIS = YES;
				CLANG_WARN_STRICT_PROTOTYPES = YES;
				CLANG_WARN_SUSPICIOUS_MOVE = YES;
				CLANG_WARN_UNGUARDED_AVAILABILITY = YES_AGGRESSIVE;
				CLANG_WARN_UNREACHABLE_CODE = YES;
				CLANG_WARN__DUPLICATE_METHOD_MATCH = YES;
				COPY_PHASE_STRIP = NO;
				DEBUG_INFORMATION_FORMAT = "dwarf-with-dsym";
				ENABLE_NS_ASSERTIONS = NO;
				ENABLE_STRICT_OBJC_MSGSEND = YES;
				ENABLE_USER_SCRIPT_SANDBOXING = YES;
				GCC_C_LANGUAGE_STANDARD = gnu17;
				GCC_NO_COMMON_BLOCKS = YES;
				GCC_WARN_64_TO_32_BIT_CONVERSION = YES;
				GCC_WARN_ABOUT_RETURN_TYPE = YES_ERROR;
				GCC_WARN_UNDECLARED_SELECTOR = YES;
				GCC_WARN_UNINITIALIZED_AUTOS = YES_AGGRESSIVE;
				GCC_WARN_UNUSED_FUNCTION = YES;
				GCC_WARN_UNUSED_VARIABLE = YES;
				IPHONEOS_DEPLOYMENT_TARGET = 17.0;
				LOCALIZATION_PREFERS_STRING_CATALOGS = YES;
				MTL_ENABLE_DEBUG_INFO = NO;
				MTL_FAST_MATH = YES;
				SDKROOT = iphoneos;
				SWIFT_COMPILATION_MODE = wholemodule;
				VALIDATE_PRODUCT = YES;
			};
			name = Release;
		};
		0B074E4B2AC522D700E6E1CF /* Debug */ = {
			isa = XCBuildConfiguration;
			buildSettings = {
				ASSETCATALOG_COMPILER_APPICON_NAME = AppIcon;
				ASSETCATALOG_COMPILER_GLOBAL_ACCENT_COLOR_NAME = AccentColor;
				CODE_SIGN_STYLE = Automatic;
				CURRENT_PROJECT_VERSION = 1;
				DEVELOPMENT_ASSET_PATHS = "\"todo-ios/Preview Content\"";
				ENABLE_PREVIEWS = YES;
				GENERATE_INFOPLIST_FILE = YES;
				INFOPLIST_KEY_UIApplicationSceneManifest_Generation = YES;
				INFOPLIST_KEY_UIApplicationSupportsIndirectInputEvents = YES;
				INFOPLIST_KEY_UILaunchScreen_Generation = YES;
				INFOPLIST_KEY_UISupportedInterfaceOrientations_iPad = "UIInterfaceOrientationPortrait UIInterfaceOrientationPortraitUpsideDown UIInterfaceOrientationLandscapeLeft UIInterfaceOrientationLandscapeRight";
				INFOPLIST_KEY_UISupportedInterfaceOrientations_iPhone = "UIInterfaceOrientationPortrait UIInterfaceOrientationLandscapeLeft UIInterfaceOrientationLandscapeRight";
				LD_RUNPATH_SEARCH_PATHS = (
					"$(inherited)",
					"@executable_path/Frameworks",
				);
				MARKETING_VERSION = 1.0;
				PRODUCT_BUNDLE_IDENTIFIER = "personal.todo-ios";
				PRODUCT_NAME = "$(TARGET_NAME)";
				SWIFT_EMIT_LOC_STRINGS = YES;
				SWIFT_VERSION = 5.0;
				TARGETED_DEVICE_FAMILY = "1,2";
			};
			name = Debug;
		};
		0B074E4C2AC522D700E6E1CF /* Release */ = {
			isa = XCBuildConfiguration;
			buildSettings = {
				ASSETCATALOG_COMPILER_APPICON_NAME = AppIcon;
				ASSETCATALOG_COMPILER_GLOBAL_ACCENT_COLOR_NAME = AccentColor;
				CODE_SIGN_STYLE = Automatic;
				CURRENT_PROJECT_VERSION = 1;
				DEVELOPMENT_ASSET_PATHS = "\"todo-ios/Preview Content\"";
				ENABLE_PREVIEWS = YES;
				GENERATE_INFOPLIST_FILE = YES;
				INFOPLIST_KEY_UIApplicationSceneManifest_Generation = YES;
				INFOPLIST_KEY_UIApplicationSupportsIndirectInputEvents = YES;
				INFOPLIST_KEY_UILaunchScreen_Generation = YES;
				INFOPLIST_KEY_UISupportedInterfaceOrientations_iPad = "UIInterfaceOrientationPortrait UIInterfaceOrientationPortraitUpsideDown UIInterfaceOrientationLandscapeLeft UIInterfaceOrientationLandscapeRight";
				INFOPLIST_KEY_UISupportedInterfaceOrientations_iPhone = "UIInterfaceOrientationPortrait UIInterfaceOrientationLandscapeLeft UIInterfaceOrientationLandscapeRight";
				LD_RUNPATH_SEARCH_PATHS = (
					"$(inherited)",
					"@executable_path/Frameworks",
				);
				MARKETING_VERSION = 1.0;
				PRODUCT_BUNDLE_IDENTIFIER = "personal.todo-ios";
				PRODUCT_NAME = "$(TARGET_NAME)";
				SWIFT_EMIT_LOC_STRINGS = YES;
				SWIFT_VERSION = 5.0;
				TARGETED_DEVICE_FAMILY = "1,2";
			};
			name = Release;
		};
		0B074E4E2AC522D700E6E1CF /* Debug */ = {
			isa = XCBuildConfiguration;
			buildSettings = {
				ALWAYS_EMBED_SWIFT_STANDARD_LIBRARIES = YES;
				BUNDLE_LOADER = "$(TEST_HOST)";
				CODE_SIGN_STYLE = Automatic;
				CURRENT_PROJECT_VERSION = 1;
				GENERATE_INFOPLIST_FILE = YES;
				IPHONEOS_DEPLOYMENT_TARGET = 17.0;
				MARKETING_VERSION = 1.0;
				PRODUCT_BUNDLE_IDENTIFIER = "personal.todo-iosTests";
				PRODUCT_NAME = "$(TARGET_NAME)";
				SWIFT_EMIT_LOC_STRINGS = NO;
				SWIFT_VERSION = 5.0;
				TARGETED_DEVICE_FAMILY = "1,2";
				TEST_HOST = "$(BUILT_PRODUCTS_DIR)/todo-ios.app/$(BUNDLE_EXECUTABLE_FOLDER_PATH)/todo-ios";
			};
			name = Debug;
		};
		0B074E4F2AC522D700E6E1CF /* Release */ = {
			isa = XCBuildConfiguration;
			buildSettings = {
				ALWAYS_EMBED_SWIFT_STANDARD_LIBRARIES = YES;
				BUNDLE_LOADER = "$(TEST_HOST)";
				CODE_SIGN_STYLE = Automatic;
				CURRENT_PROJECT_VERSION = 1;
				GENERATE_INFOPLIST_FILE = YES;
				IPHONEOS_DEPLOYMENT_TARGET = 17.0;
				MARKETING_VERSION = 1.0;
				PRODUCT_BUNDLE_IDENTIFIER = "personal.todo-iosTests";
				PRODUCT_NAME = "$(TARGET_NAME)";
				SWIFT_EMIT_LOC_STRINGS = NO;
				SWIFT_VERSION = 5.0;
				TARGETED_DEVICE_FAMILY = "1,2";
				TEST_HOST = "$(BUILT_PRODUCTS_DIR)/todo-ios.app/$(BUNDLE_EXECUTABLE_FOLDER_PATH)/todo-ios";
			};
			name = Release;
		};
		0B074E512AC522D700E6E1CF /* Debug */ = {
			isa = XCBuildConfiguration;
			buildSettings = {
				ALWAYS_EMBED_SWIFT_STANDARD_LIBRARIES = YES;
				CODE_SIGN_STYLE = Automatic;
				CURRENT_PROJECT_VERSION = 1;
				GENERATE_INFOPLIST_FILE = YES;
				MARKETING_VERSION = 1.0;
				PRODUCT_BUNDLE_IDENTIFIER = "personal.todo-iosUITests";
				PRODUCT_NAME = "$(TARGET_NAME)";
				SWIFT_EMIT_LOC_STRINGS = NO;
				SWIFT_VERSION = 5.0;
				TARGETED_DEVICE_FAMILY = "1,2";
				TEST_TARGET_NAME = "todo-ios";
			};
			name = Debug;
		};
		0B074E522AC522D700E6E1CF /* Release */ = {
			isa = XCBuildConfiguration;
			buildSettings = {
				ALWAYS_EMBED_SWIFT_STANDARD_LIBRARIES = YES;
				CODE_SIGN_STYLE = Automatic;
				CURRENT_PROJECT_VERSION = 1;
				GENERATE_INFOPLIST_FILE = YES;
				MARKETING_VERSION = 1.0;
				PRODUCT_BUNDLE_IDENTIFIER = "personal.todo-iosUITests";
				PRODUCT_NAME = "$(TARGET_NAME)";
				SWIFT_EMIT_LOC_STRINGS = NO;
				SWIFT_VERSION = 5.0;
				TARGETED_DEVICE_FAMILY = "1,2";
				TEST_TARGET_NAME = "todo-ios";
			};
			name = Release;
		};
/* End XCBuildConfiguration section */

/* Begin XCConfigurationList section */
		0B074E212AC522D600E6E1CF /* Build configuration list for PBXProject "todo-ios" */ = {
			isa = XCConfigurationList;
			buildConfigurations = (
				0B074E482AC522D700E6E1CF /* Debug */,
				0B074E492AC522D700E6E1CF /* Release */,
			);
			defaultConfigurationIsVisible = 0;
			defaultConfigurationName = Release;
		};
		0B074E4A2AC522D700E6E1CF /* Build configuration list for PBXNativeTarget "todo-ios" */ = {
			isa = XCConfigurationList;
			buildConfigurations = (
				0B074E4B2AC522D700E6E1CF /* Debug */,
				0B074E4C2AC522D700E6E1CF /* Release */,
			);
			defaultConfigurationIsVisible = 0;
			defaultConfigurationName = Release;
		};
		0B074E4D2AC522D700E6E1CF /* Build configuration list for PBXNativeTarget "todo-iosTests" */ = {
			isa = XCConfigurationList;
			buildConfigurations = (
				0B074E4E2AC522D700E6E1CF /* Debug */,
				0B074E4F2AC522D700E6E1CF /* Release */,
			);
			defaultConfigurationIsVisible = 0;
			defaultConfigurationName = Release;
		};
		0B074E502AC522D700E6E1CF /* Build configuration list for PBXNativeTarget "todo-iosUITests" */ = {
			isa = XCConfigurationList;
			buildConfigurations = (
				0B074E512AC522D700E6E1CF /* Debug */,
				0B074E522AC522D700E6E1CF /* Release */,
			);
			defaultConfigurationIsVisible = 0;
			defaultConfigurationName = Release;
		};
/* End XCConfigurationList section */
	};
	rootObject = 0B074E1E2AC522D600E6E1CF /* Project object */;
}
